// !$*UTF8*$!
{
	archiveVersion = 1;
	classes = {
	};
	objectVersion = 55;
	objects = {

/* Begin PBXBuildFile section */
		3E35ACB329AAD552006C5F80 /* PazzleGameApp.swift in Sources */ = {isa = PBXBuildFile; fileRef = 3E35ACB229AAD552006C5F80 /* PazzleGameApp.swift */; };
		3E35ACB529AAD552006C5F80 /* ContentView.swift in Sources */ = {isa = PBXBuildFile; fileRef = 3E35ACB429AAD552006C5F80 /* ContentView.swift */; };
		3E35ACB729AAD554006C5F80 /* Assets.xcassets in Resources */ = {isa = PBXBuildFile; fileRef = 3E35ACB629AAD554006C5F80 /* Assets.xcassets */; };
		3E35ACBA29AAD554006C5F80 /* Preview Assets.xcassets in Resources */ = {isa = PBXBuildFile; fileRef = 3E35ACB929AAD554006C5F80 /* Preview Assets.xcassets */; };
		3E35ACCA29AAE86F006C5F80 /* knewave.ttf in Resources */ = {isa = PBXBuildFile; fileRef = 3E35ACC929AAE86F006C5F80 /* knewave.ttf */; };
		3E35ACD129AAEB3C006C5F80 /* BackgroundImage.swift in Sources */ = {isa = PBXBuildFile; fileRef = 3E35ACD029AAEB3C006C5F80 /* BackgroundImage.swift */; };
		3E35ACD329AAEBA3006C5F80 /* LaunchScreen.swift in Sources */ = {isa = PBXBuildFile; fileRef = 3E35ACD229AAEBA3006C5F80 /* LaunchScreen.swift */; };
		3E35ACD529AAEC1D006C5F80 /* MainView.swift in Sources */ = {isa = PBXBuildFile; fileRef = 3E35ACD429AAEC1D006C5F80 /* MainView.swift */; };
		3E35ACD929AAF180006C5F80 /* Color.swift in Sources */ = {isa = PBXBuildFile; fileRef = 3E35ACD829AAF180006C5F80 /* Color.swift */; };
		3E35ACDB29AAF21A006C5F80 /* LinearGradient.swift in Sources */ = {isa = PBXBuildFile; fileRef = 3E35ACDA29AAF21A006C5F80 /* LinearGradient.swift */; };
		3E35ACDD29AAF8DC006C5F80 /* GlowBorder.swift in Sources */ = {isa = PBXBuildFile; fileRef = 3E35ACDC29AAF8DC006C5F80 /* GlowBorder.swift */; };
		3E35ACDF29AAFAD4006C5F80 /* KnewaveFont.swift in Sources */ = {isa = PBXBuildFile; fileRef = 3E35ACDE29AAFAD4006C5F80 /* KnewaveFont.swift */; };
		3E3B770029AC37B700A65042 /* PinkButton.swift in Sources */ = {isa = PBXBuildFile; fileRef = 3E3B76FF29AC37B700A65042 /* PinkButton.swift */; };
		3E3B770429AC471C00A65042 /* CustomNavBar.swift in Sources */ = {isa = PBXBuildFile; fileRef = 3E3B770329AC471C00A65042 /* CustomNavBar.swift */; };
		3E3B770629AC4D3300A65042 /* GamesRulesView.swift in Sources */ = {isa = PBXBuildFile; fileRef = 3E3B770529AC4D3300A65042 /* GamesRulesView.swift */; };
		3E3B770829AC517200A65042 /* LevelsView.swift in Sources */ = {isa = PBXBuildFile; fileRef = 3E3B770729AC517200A65042 /* LevelsView.swift */; };
		3E3B770A29AC573200A65042 /* SettingsView.swift in Sources */ = {isa = PBXBuildFile; fileRef = 3E3B770929AC573200A65042 /* SettingsView.swift */; };
		3E67F1DE29AD0F93003AF464 /* CandyFrame.swift in Sources */ = {isa = PBXBuildFile; fileRef = 3E67F1DD29AD0F93003AF464 /* CandyFrame.swift */; };
		3E67F1E129AD146E003AF464 /* Level.swift in Sources */ = {isa = PBXBuildFile; fileRef = 3E67F1E029AD146E003AF464 /* Level.swift */; };
		3E67F1E329AD1580003AF464 /* LevelViewModel.swift in Sources */ = {isa = PBXBuildFile; fileRef = 3E67F1E229AD1580003AF464 /* LevelViewModel.swift */; };
		3E67F1E629AD30DA003AF464 /* LevelRow.swift in Sources */ = {isa = PBXBuildFile; fileRef = 3E67F1E529AD30DA003AF464 /* LevelRow.swift */; };
		3E67F1E829AD3CCD003AF464 /* StrokedCircle.swift in Sources */ = {isa = PBXBuildFile; fileRef = 3E67F1E729AD3CCD003AF464 /* StrokedCircle.swift */; };
		5559ACAF49B7A94F649F37B9 /* Pods_PazzleGame.framework in Frameworks */ = {isa = PBXBuildFile; fileRef = 37549B68007C95112F9EA491 /* Pods_PazzleGame.framework */; };
/* End PBXBuildFile section */

/* Begin PBXFileReference section */
		27E7DA204D2C964DD0C137D9 /* Pods-PazzleGame.release.xcconfig */ = {isa = PBXFileReference; includeInIndex = 1; lastKnownFileType = text.xcconfig; name = "Pods-PazzleGame.release.xcconfig"; path = "Target Support Files/Pods-PazzleGame/Pods-PazzleGame.release.xcconfig"; sourceTree = "<group>"; };
		37549B68007C95112F9EA491 /* Pods_PazzleGame.framework */ = {isa = PBXFileReference; explicitFileType = wrapper.framework; includeInIndex = 0; path = Pods_PazzleGame.framework; sourceTree = BUILT_PRODUCTS_DIR; };
		3E35ACAF29AAD552006C5F80 /* PazzleGame.app */ = {isa = PBXFileReference; explicitFileType = wrapper.application; includeInIndex = 0; path = PazzleGame.app; sourceTree = BUILT_PRODUCTS_DIR; };
		3E35ACB229AAD552006C5F80 /* PazzleGameApp.swift */ = {isa = PBXFileReference; lastKnownFileType = sourcecode.swift; path = PazzleGameApp.swift; sourceTree = "<group>"; };
		3E35ACB429AAD552006C5F80 /* ContentView.swift */ = {isa = PBXFileReference; lastKnownFileType = sourcecode.swift; path = ContentView.swift; sourceTree = "<group>"; };
		3E35ACB629AAD554006C5F80 /* Assets.xcassets */ = {isa = PBXFileReference; lastKnownFileType = folder.assetcatalog; path = Assets.xcassets; sourceTree = "<group>"; };
		3E35ACB929AAD554006C5F80 /* Preview Assets.xcassets */ = {isa = PBXFileReference; lastKnownFileType = folder.assetcatalog; path = "Preview Assets.xcassets"; sourceTree = "<group>"; };
		3E35ACC929AAE86F006C5F80 /* knewave.ttf */ = {isa = PBXFileReference; lastKnownFileType = file; path = knewave.ttf; sourceTree = "<group>"; };
		3E35ACCB29AAE89D006C5F80 /* Info.plist */ = {isa = PBXFileReference; lastKnownFileType = text.plist; path = Info.plist; sourceTree = "<group>"; };
		3E35ACD029AAEB3C006C5F80 /* BackgroundImage.swift */ = {isa = PBXFileReference; lastKnownFileType = sourcecode.swift; path = BackgroundImage.swift; sourceTree = "<group>"; };
		3E35ACD229AAEBA3006C5F80 /* LaunchScreen.swift */ = {isa = PBXFileReference; lastKnownFileType = sourcecode.swift; path = LaunchScreen.swift; sourceTree = "<group>"; };
		3E35ACD429AAEC1D006C5F80 /* MainView.swift */ = {isa = PBXFileReference; lastKnownFileType = sourcecode.swift; path = MainView.swift; sourceTree = "<group>"; };
		3E35ACD829AAF180006C5F80 /* Color.swift */ = {isa = PBXFileReference; lastKnownFileType = sourcecode.swift; path = Color.swift; sourceTree = "<group>"; };
		3E35ACDA29AAF21A006C5F80 /* LinearGradient.swift */ = {isa = PBXFileReference; lastKnownFileType = sourcecode.swift; path = LinearGradient.swift; sourceTree = "<group>"; };
		3E35ACDC29AAF8DC006C5F80 /* GlowBorder.swift */ = {isa = PBXFileReference; lastKnownFileType = sourcecode.swift; path = GlowBorder.swift; sourceTree = "<group>"; };
		3E35ACDE29AAFAD4006C5F80 /* KnewaveFont.swift */ = {isa = PBXFileReference; lastKnownFileType = sourcecode.swift; path = KnewaveFont.swift; sourceTree = "<group>"; };
		3E3B76FF29AC37B700A65042 /* PinkButton.swift */ = {isa = PBXFileReference; lastKnownFileType = sourcecode.swift; path = PinkButton.swift; sourceTree = "<group>"; };
		3E3B770329AC471C00A65042 /* CustomNavBar.swift */ = {isa = PBXFileReference; lastKnownFileType = sourcecode.swift; path = CustomNavBar.swift; sourceTree = "<group>"; };
		3E3B770529AC4D3300A65042 /* GamesRulesView.swift */ = {isa = PBXFileReference; lastKnownFileType = sourcecode.swift; path = GamesRulesView.swift; sourceTree = "<group>"; };
		3E3B770729AC517200A65042 /* LevelsView.swift */ = {isa = PBXFileReference; lastKnownFileType = sourcecode.swift; path = LevelsView.swift; sourceTree = "<group>"; };
		3E3B770929AC573200A65042 /* SettingsView.swift */ = {isa = PBXFileReference; lastKnownFileType = sourcecode.swift; path = SettingsView.swift; sourceTree = "<group>"; };
		3E67F1DD29AD0F93003AF464 /* CandyFrame.swift */ = {isa = PBXFileReference; lastKnownFileType = sourcecode.swift; path = CandyFrame.swift; sourceTree = "<group>"; };
		3E67F1E029AD146E003AF464 /* Level.swift */ = {isa = PBXFileReference; lastKnownFileType = sourcecode.swift; path = Level.swift; sourceTree = "<group>"; };
		3E67F1E229AD1580003AF464 /* LevelViewModel.swift */ = {isa = PBXFileReference; lastKnownFileType = sourcecode.swift; path = LevelViewModel.swift; sourceTree = "<group>"; };
		3E67F1E529AD30DA003AF464 /* LevelRow.swift */ = {isa = PBXFileReference; lastKnownFileType = sourcecode.swift; path = LevelRow.swift; sourceTree = "<group>"; };
		3E67F1E729AD3CCD003AF464 /* StrokedCircle.swift */ = {isa = PBXFileReference; lastKnownFileType = sourcecode.swift; path = StrokedCircle.swift; sourceTree = "<group>"; };
		B8F5D12379D67184FC057E9B /* Pods-PazzleGame.debug.xcconfig */ = {isa = PBXFileReference; includeInIndex = 1; lastKnownFileType = text.xcconfig; name = "Pods-PazzleGame.debug.xcconfig"; path = "Target Support Files/Pods-PazzleGame/Pods-PazzleGame.debug.xcconfig"; sourceTree = "<group>"; };
/* End PBXFileReference section */

/* Begin PBXFrameworksBuildPhase section */
		3E35ACAC29AAD552006C5F80 /* Frameworks */ = {
			isa = PBXFrameworksBuildPhase;
			buildActionMask = 2147483647;
			files = (
				5559ACAF49B7A94F649F37B9 /* Pods_PazzleGame.framework in Frameworks */,
			);
			runOnlyForDeploymentPostprocessing = 0;
		};
/* End PBXFrameworksBuildPhase section */

/* Begin PBXGroup section */
		3E35ACA629AAD552006C5F80 = {
			isa = PBXGroup;
			children = (
				3E35ACB129AAD552006C5F80 /* PazzleGame */,
				3E35ACB029AAD552006C5F80 /* Products */,
				54FBEF89E4DA05837BB34A54 /* Pods */,
				7A4A7AD9E4D095DE354A1A93 /* Frameworks */,
			);
			sourceTree = "<group>";
		};
		3E35ACB029AAD552006C5F80 /* Products */ = {
			isa = PBXGroup;
			children = (
				3E35ACAF29AAD552006C5F80 /* PazzleGame.app */,
			);
			name = Products;
			sourceTree = "<group>";
		};
		3E35ACB129AAD552006C5F80 /* PazzleGame */ = {
			isa = PBXGroup;
			children = (
				3E35ACCB29AAE89D006C5F80 /* Info.plist */,
				3E35ACC629AAE7D7006C5F80 /* fonts */,
				3E35ACC529AAE774006C5F80 /* Extensions */,
				3E35ACC329AADABD006C5F80 /* Helpers */,
				3E35ACC229AAD5C9006C5F80 /* Models */,
				3E35ACC129AAD5BD006C5F80 /* ViewModels */,
				3E35ACC029AAD5AE006C5F80 /* Views */,
				3E35ACB429AAD552006C5F80 /* ContentView.swift */,
				3E35ACB629AAD554006C5F80 /* Assets.xcassets */,
				3E35ACB829AAD554006C5F80 /* Preview Content */,
			);
			path = PazzleGame;
			sourceTree = "<group>";
		};
		3E35ACB829AAD554006C5F80 /* Preview Content */ = {
			isa = PBXGroup;
			children = (
				3E35ACB929AAD554006C5F80 /* Preview Assets.xcassets */,
			);
			path = "Preview Content";
			sourceTree = "<group>";
		};
		3E35ACC029AAD5AE006C5F80 /* Views */ = {
			isa = PBXGroup;
			children = (
				3E67F1E429AD30B4003AF464 /* LevelGroup */,
				3E35ACC429AADB27006C5F80 /* App */,
				3E35ACD229AAEBA3006C5F80 /* LaunchScreen.swift */,
				3E35ACD429AAEC1D006C5F80 /* MainView.swift */,
				3E3B770529AC4D3300A65042 /* GamesRulesView.swift */,
				3E3B770929AC573200A65042 /* SettingsView.swift */,
			);
			path = Views;
			sourceTree = "<group>";
		};
		3E35ACC129AAD5BD006C5F80 /* ViewModels */ = {
			isa = PBXGroup;
			children = (
				3E67F1E229AD1580003AF464 /* LevelViewModel.swift */,
			);
			path = ViewModels;
			sourceTree = "<group>";
		};
		3E35ACC229AAD5C9006C5F80 /* Models */ = {
			isa = PBXGroup;
			children = (
				3E67F1E029AD146E003AF464 /* Level.swift */,
			);
			path = Models;
			sourceTree = "<group>";
		};
		3E35ACC329AADABD006C5F80 /* Helpers */ = {
			isa = PBXGroup;
			children = (
				3E35ACCF29AAEB29006C5F80 /* CustomViews */,
				3E35ACCC29AAE99D006C5F80 /* Modifiers */,
			);
			path = Helpers;
			sourceTree = "<group>";
		};
		3E35ACC429AADB27006C5F80 /* App */ = {
			isa = PBXGroup;
			children = (
				3E35ACB229AAD552006C5F80 /* PazzleGameApp.swift */,
			);
			path = App;
			sourceTree = "<group>";
		};
		3E35ACC529AAE774006C5F80 /* Extensions */ = {
			isa = PBXGroup;
			children = (
				3E35ACD829AAF180006C5F80 /* Color.swift */,
				3E35ACDA29AAF21A006C5F80 /* LinearGradient.swift */,
			);
			path = Extensions;
			sourceTree = "<group>";
		};
		3E35ACC629AAE7D7006C5F80 /* fonts */ = {
			isa = PBXGroup;
			children = (
				3E35ACC929AAE86F006C5F80 /* knewave.ttf */,
			);
			path = fonts;
			sourceTree = "<group>";
		};
		3E35ACCC29AAE99D006C5F80 /* Modifiers */ = {
			isa = PBXGroup;
			children = (
				3E35ACDC29AAF8DC006C5F80 /* GlowBorder.swift */,
				3E35ACDE29AAFAD4006C5F80 /* KnewaveFont.swift */,
				3E3B76FF29AC37B700A65042 /* PinkButton.swift */,
				3E67F1E729AD3CCD003AF464 /* StrokedCircle.swift */,
			);
			path = Modifiers;
			sourceTree = "<group>";
		};
		3E35ACCF29AAEB29006C5F80 /* CustomViews */ = {
			isa = PBXGroup;
			children = (
				3E35ACD029AAEB3C006C5F80 /* BackgroundImage.swift */,
				3E3B770329AC471C00A65042 /* CustomNavBar.swift */,
				3E67F1DD29AD0F93003AF464 /* CandyFrame.swift */,
			);
			path = CustomViews;
			sourceTree = "<group>";
		};
		3E67F1E429AD30B4003AF464 /* LevelGroup */ = {
			isa = PBXGroup;
			children = (
				3E3B770729AC517200A65042 /* LevelsView.swift */,
				3E67F1E529AD30DA003AF464 /* LevelRow.swift */,
			);
			path = LevelGroup;
			sourceTree = "<group>";
		};
		54FBEF89E4DA05837BB34A54 /* Pods */ = {
			isa = PBXGroup;
			children = (
				B8F5D12379D67184FC057E9B /* Pods-PazzleGame.debug.xcconfig */,
				27E7DA204D2C964DD0C137D9 /* Pods-PazzleGame.release.xcconfig */,
			);
			path = Pods;
			sourceTree = "<group>";
		};
		7A4A7AD9E4D095DE354A1A93 /* Frameworks */ = {
			isa = PBXGroup;
			children = (
				37549B68007C95112F9EA491 /* Pods_PazzleGame.framework */,
			);
			name = Frameworks;
			sourceTree = "<group>";
		};
/* End PBXGroup section */

/* Begin PBXNativeTarget section */
		3E35ACAE29AAD552006C5F80 /* PazzleGame */ = {
			isa = PBXNativeTarget;
			buildConfigurationList = 3E35ACBD29AAD554006C5F80 /* Build configuration list for PBXNativeTarget "PazzleGame" */;
			buildPhases = (
				9779BFA18BABC162771F0C3F /* [CP] Check Pods Manifest.lock */,
				3E35ACAB29AAD552006C5F80 /* Sources */,
				3E35ACAC29AAD552006C5F80 /* Frameworks */,
				3E35ACAD29AAD552006C5F80 /* Resources */,
				CA4907C7C5A9B3BC295254C3 /* [CP] Embed Pods Frameworks */,
			);
			buildRules = (
			);
			dependencies = (
			);
			name = PazzleGame;
			productName = PazzleGame;
			productReference = 3E35ACAF29AAD552006C5F80 /* PazzleGame.app */;
			productType = "com.apple.product-type.application";
		};
/* End PBXNativeTarget section */

/* Begin PBXProject section */
		3E35ACA729AAD552006C5F80 /* Project object */ = {
			isa = PBXProject;
			attributes = {
				BuildIndependentTargetsInParallel = 1;
				LastSwiftUpdateCheck = 1420;
				LastUpgradeCheck = 1420;
				TargetAttributes = {
					3E35ACAE29AAD552006C5F80 = {
						CreatedOnToolsVersion = 14.2;
					};
				};
			};
			buildConfigurationList = 3E35ACAA29AAD552006C5F80 /* Build configuration list for PBXProject "PazzleGame" */;
			compatibilityVersion = "Xcode 13.0";
			developmentRegion = en;
			hasScannedForEncodings = 0;
			knownRegions = (
				en,
				Base,
			);
			mainGroup = 3E35ACA629AAD552006C5F80;
			productRefGroup = 3E35ACB029AAD552006C5F80 /* Products */;
			projectDirPath = "";
			projectRoot = "";
			targets = (
				3E35ACAE29AAD552006C5F80 /* PazzleGame */,
			);
		};
/* End PBXProject section */

/* Begin PBXResourcesBuildPhase section */
		3E35ACAD29AAD552006C5F80 /* Resources */ = {
			isa = PBXResourcesBuildPhase;
			buildActionMask = 2147483647;
			files = (
				3E35ACBA29AAD554006C5F80 /* Preview Assets.xcassets in Resources */,
				3E35ACB729AAD554006C5F80 /* Assets.xcassets in Resources */,
				3E35ACCA29AAE86F006C5F80 /* knewave.ttf in Resources */,
			);
			runOnlyForDeploymentPostprocessing = 0;
		};
/* End PBXResourcesBuildPhase section */

/* Begin PBXShellScriptBuildPhase section */
		9779BFA18BABC162771F0C3F /* [CP] Check Pods Manifest.lock */ = {
			isa = PBXShellScriptBuildPhase;
			buildActionMask = 2147483647;
			files = (
			);
			inputFileListPaths = (
			);
			inputPaths = (
				"${PODS_PODFILE_DIR_PATH}/Podfile.lock",
				"${PODS_ROOT}/Manifest.lock",
			);
			name = "[CP] Check Pods Manifest.lock";
			outputFileListPaths = (
			);
			outputPaths = (
				"$(DERIVED_FILE_DIR)/Pods-PazzleGame-checkManifestLockResult.txt",
			);
			runOnlyForDeploymentPostprocessing = 0;
			shellPath = /bin/sh;
			shellScript = "diff \"${PODS_PODFILE_DIR_PATH}/Podfile.lock\" \"${PODS_ROOT}/Manifest.lock\" > /dev/null\nif [ $? != 0 ] ; then\n    # print error to STDERR\n    echo \"error: The sandbox is not in sync with the Podfile.lock. Run 'pod install' or update your CocoaPods installation.\" >&2\n    exit 1\nfi\n# This output is used by Xcode 'outputs' to avoid re-running this script phase.\necho \"SUCCESS\" > \"${SCRIPT_OUTPUT_FILE_0}\"\n";
			showEnvVarsInLog = 0;
		};
		CA4907C7C5A9B3BC295254C3 /* [CP] Embed Pods Frameworks */ = {
			isa = PBXShellScriptBuildPhase;
			buildActionMask = 2147483647;
			files = (
			);
			inputFileListPaths = (
				"${PODS_ROOT}/Target Support Files/Pods-PazzleGame/Pods-PazzleGame-frameworks-${CONFIGURATION}-input-files.xcfilelist",
			);
			name = "[CP] Embed Pods Frameworks";
			outputFileListPaths = (
				"${PODS_ROOT}/Target Support Files/Pods-PazzleGame/Pods-PazzleGame-frameworks-${CONFIGURATION}-output-files.xcfilelist",
			);
			runOnlyForDeploymentPostprocessing = 0;
			shellPath = /bin/sh;
			shellScript = "\"${PODS_ROOT}/Target Support Files/Pods-PazzleGame/Pods-PazzleGame-frameworks.sh\"\n";
			showEnvVarsInLog = 0;
		};
/* End PBXShellScriptBuildPhase section */

/* Begin PBXSourcesBuildPhase section */
		3E35ACAB29AAD552006C5F80 /* Sources */ = {
			isa = PBXSourcesBuildPhase;
			buildActionMask = 2147483647;
			files = (
				3E35ACDB29AAF21A006C5F80 /* LinearGradient.swift in Sources */,
				3E3B770429AC471C00A65042 /* CustomNavBar.swift in Sources */,
				3E3B770029AC37B700A65042 /* PinkButton.swift in Sources */,
				3E35ACD329AAEBA3006C5F80 /* LaunchScreen.swift in Sources */,
				3E35ACD129AAEB3C006C5F80 /* BackgroundImage.swift in Sources */,
				3E67F1E629AD30DA003AF464 /* LevelRow.swift in Sources */,
				3E35ACDD29AAF8DC006C5F80 /* GlowBorder.swift in Sources */,
				3E67F1DE29AD0F93003AF464 /* CandyFrame.swift in Sources */,
				3E3B770829AC517200A65042 /* LevelsView.swift in Sources */,
				3E3B770A29AC573200A65042 /* SettingsView.swift in Sources */,
				3E35ACD929AAF180006C5F80 /* Color.swift in Sources */,
				3E67F1E329AD1580003AF464 /* LevelViewModel.swift in Sources */,
				3E35ACB529AAD552006C5F80 /* ContentView.swift in Sources */,
				3E35ACD529AAEC1D006C5F80 /* MainView.swift in Sources */,
				3E67F1E829AD3CCD003AF464 /* StrokedCircle.swift in Sources */,
				3E35ACDF29AAFAD4006C5F80 /* KnewaveFont.swift in Sources */,
				3E3B770629AC4D3300A65042 /* GamesRulesView.swift in Sources */,
				3E67F1E129AD146E003AF464 /* Level.swift in Sources */,
				3E35ACB329AAD552006C5F80 /* PazzleGameApp.swift in Sources */,
			);
			runOnlyForDeploymentPostprocessing = 0;
		};
/* End PBXSourcesBuildPhase section */

/* Begin XCBuildConfiguration section */
		3E35ACBB29AAD554006C5F80 /* Debug */ = {
			isa = XCBuildConfiguration;
			buildSettings = {
				ALWAYS_SEARCH_USER_PATHS = NO;
				CLANG_ANALYZER_NONNULL = YES;
				CLANG_ANALYZER_NUMBER_OBJECT_CONVERSION = YES_AGGRESSIVE;
				CLANG_CXX_LANGUAGE_STANDARD = "gnu++20";
				CLANG_ENABLE_MODULES = YES;
				CLANG_ENABLE_OBJC_ARC = YES;
				CLANG_ENABLE_OBJC_WEAK = YES;
				CLANG_WARN_BLOCK_CAPTURE_AUTORELEASING = YES;
				CLANG_WARN_BOOL_CONVERSION = YES;
				CLANG_WARN_COMMA = YES;
				CLANG_WARN_CONSTANT_CONVERSION = YES;
				CLANG_WARN_DEPRECATED_OBJC_IMPLEMENTATIONS = YES;
				CLANG_WARN_DIRECT_OBJC_ISA_USAGE = YES_ERROR;
				CLANG_WARN_DOCUMENTATION_COMMENTS = YES;
				CLANG_WARN_EMPTY_BODY = YES;
				CLANG_WARN_ENUM_CONVERSION = YES;
				CLANG_WARN_INFINITE_RECURSION = YES;
				CLANG_WARN_INT_CONVERSION = YES;
				CLANG_WARN_NON_LITERAL_NULL_CONVERSION = YES;
				CLANG_WARN_OBJC_IMPLICIT_RETAIN_SELF = YES;
				CLANG_WARN_OBJC_LITERAL_CONVERSION = YES;
				CLANG_WARN_OBJC_ROOT_CLASS = YES_ERROR;
				CLANG_WARN_QUOTED_INCLUDE_IN_FRAMEWORK_HEADER = YES;
				CLANG_WARN_RANGE_LOOP_ANALYSIS = YES;
				CLANG_WARN_STRICT_PROTOTYPES = YES;
				CLANG_WARN_SUSPICIOUS_MOVE = YES;
				CLANG_WARN_UNGUARDED_AVAILABILITY = YES_AGGRESSIVE;
				CLANG_WARN_UNREACHABLE_CODE = YES;
				CLANG_WARN__DUPLICATE_METHOD_MATCH = YES;
				COPY_PHASE_STRIP = NO;
				DEBUG_INFORMATION_FORMAT = dwarf;
				ENABLE_STRICT_OBJC_MSGSEND = YES;
				ENABLE_TESTABILITY = YES;
				GCC_C_LANGUAGE_STANDARD = gnu11;
				GCC_DYNAMIC_NO_PIC = NO;
				GCC_NO_COMMON_BLOCKS = YES;
				GCC_OPTIMIZATION_LEVEL = 0;
				GCC_PREPROCESSOR_DEFINITIONS = (
					"DEBUG=1",
					"$(inherited)",
				);
				GCC_WARN_64_TO_32_BIT_CONVERSION = YES;
				GCC_WARN_ABOUT_RETURN_TYPE = YES_ERROR;
				GCC_WARN_UNDECLARED_SELECTOR = YES;
				GCC_WARN_UNINITIALIZED_AUTOS = YES_AGGRESSIVE;
				GCC_WARN_UNUSED_FUNCTION = YES;
				GCC_WARN_UNUSED_VARIABLE = YES;
				IPHONEOS_DEPLOYMENT_TARGET = 16.2;
				MTL_ENABLE_DEBUG_INFO = INCLUDE_SOURCE;
				MTL_FAST_MATH = YES;
				ONLY_ACTIVE_ARCH = YES;
				SDKROOT = iphoneos;
				SWIFT_ACTIVE_COMPILATION_CONDITIONS = DEBUG;
				SWIFT_OPTIMIZATION_LEVEL = "-Onone";
			};
			name = Debug;
		};
		3E35ACBC29AAD554006C5F80 /* Release */ = {
			isa = XCBuildConfiguration;
			buildSettings = {
				ALWAYS_SEARCH_USER_PATHS = NO;
				CLANG_ANALYZER_NONNULL = YES;
				CLANG_ANALYZER_NUMBER_OBJECT_CONVERSION = YES_AGGRESSIVE;
				CLANG_CXX_LANGUAGE_STANDARD = "gnu++20";
				CLANG_ENABLE_MODULES = YES;
				CLANG_ENABLE_OBJC_ARC = YES;
				CLANG_ENABLE_OBJC_WEAK = YES;
				CLANG_WARN_BLOCK_CAPTURE_AUTORELEASING = YES;
				CLANG_WARN_BOOL_CONVERSION = YES;
				CLANG_WARN_COMMA = YES;
				CLANG_WARN_CONSTANT_CONVERSION = YES;
				CLANG_WARN_DEPRECATED_OBJC_IMPLEMENTATIONS = YES;
				CLANG_WARN_DIRECT_OBJC_ISA_USAGE = YES_ERROR;
				CLANG_WARN_DOCUMENTATION_COMMENTS = YES;
				CLANG_WARN_EMPTY_BODY = YES;
				CLANG_WARN_ENUM_CONVERSION = YES;
				CLANG_WARN_INFINITE_RECURSION = YES;
				CLANG_WARN_INT_CONVERSION = YES;
				CLANG_WARN_NON_LITERAL_NULL_CONVERSION = YES;
				CLANG_WARN_OBJC_IMPLICIT_RETAIN_SELF = YES;
				CLANG_WARN_OBJC_LITERAL_CONVERSION = YES;
				CLANG_WARN_OBJC_ROOT_CLASS = YES_ERROR;
				CLANG_WARN_QUOTED_INCLUDE_IN_FRAMEWORK_HEADER = YES;
				CLANG_WARN_RANGE_LOOP_ANALYSIS = YES;
				CLANG_WARN_STRICT_PROTOTYPES = YES;
				CLANG_WARN_SUSPICIOUS_MOVE = YES;
				CLANG_WARN_UNGUARDED_AVAILABILITY = YES_AGGRESSIVE;
				CLANG_WARN_UNREACHABLE_CODE = YES;
				CLANG_WARN__DUPLICATE_METHOD_MATCH = YES;
				COPY_PHASE_STRIP = NO;
				DEBUG_INFORMATION_FORMAT = "dwarf-with-dsym";
				ENABLE_NS_ASSERTIONS = NO;
				ENABLE_STRICT_OBJC_MSGSEND = YES;
				GCC_C_LANGUAGE_STANDARD = gnu11;
				GCC_NO_COMMON_BLOCKS = YES;
				GCC_WARN_64_TO_32_BIT_CONVERSION = YES;
				GCC_WARN_ABOUT_RETURN_TYPE = YES_ERROR;
				GCC_WARN_UNDECLARED_SELECTOR = YES;
				GCC_WARN_UNINITIALIZED_AUTOS = YES_AGGRESSIVE;
				GCC_WARN_UNUSED_FUNCTION = YES;
				GCC_WARN_UNUSED_VARIABLE = YES;
				IPHONEOS_DEPLOYMENT_TARGET = 16.2;
				MTL_ENABLE_DEBUG_INFO = NO;
				MTL_FAST_MATH = YES;
				SDKROOT = iphoneos;
				SWIFT_COMPILATION_MODE = wholemodule;
				SWIFT_OPTIMIZATION_LEVEL = "-O";
				VALIDATE_PRODUCT = YES;
			};
			name = Release;
		};
		3E35ACBE29AAD554006C5F80 /* Debug */ = {
			isa = XCBuildConfiguration;
			baseConfigurationReference = B8F5D12379D67184FC057E9B /* Pods-PazzleGame.debug.xcconfig */;
			buildSettings = {
				ASSETCATALOG_COMPILER_APPICON_NAME = AppIcon;
				ASSETCATALOG_COMPILER_GLOBAL_ACCENT_COLOR_NAME = AccentColor;
				CODE_SIGN_STYLE = Automatic;
				CURRENT_PROJECT_VERSION = 1;
				DEVELOPMENT_ASSET_PATHS = "\"PazzleGame/Preview Content\"";
				ENABLE_PREVIEWS = YES;
				GENERATE_INFOPLIST_FILE = YES;
				INFOPLIST_FILE = PazzleGame/Info.plist;
				INFOPLIST_KEY_UIApplicationSceneManifest_Generation = YES;
				INFOPLIST_KEY_UIApplicationSupportsIndirectInputEvents = YES;
				INFOPLIST_KEY_UILaunchScreen_Generation = YES;
				INFOPLIST_KEY_UISupportedInterfaceOrientations = UIInterfaceOrientationPortrait;
				INFOPLIST_KEY_UISupportedInterfaceOrientations_iPad = "UIInterfaceOrientationLandscapeLeft UIInterfaceOrientationLandscapeRight UIInterfaceOrientationPortrait UIInterfaceOrientationPortraitUpsideDown";
				IPHONEOS_DEPLOYMENT_TARGET = 16.0;
				LD_RUNPATH_SEARCH_PATHS = (
					"$(inherited)",
					"@executable_path/Frameworks",
				);
				MARKETING_VERSION = 1.0;
				PRODUCT_BUNDLE_IDENTIFIER = vyach.gudzenko.PazzleGame;
				PRODUCT_NAME = "$(TARGET_NAME)";
				SUPPORTED_PLATFORMS = "iphoneos iphonesimulator";
				SUPPORTS_MACCATALYST = NO;
				SUPPORTS_MAC_DESIGNED_FOR_IPHONE_IPAD = NO;
				SWIFT_EMIT_LOC_STRINGS = YES;
				SWIFT_VERSION = 5.0;
				TARGETED_DEVICE_FAMILY = 1;
			};
			name = Debug;
		};
		3E35ACBF29AAD554006C5F80 /* Release */ = {
			isa = XCBuildConfiguration;
			baseConfigurationReference = 27E7DA204D2C964DD0C137D9 /* Pods-PazzleGame.release.xcconfig */;
			buildSettings = {
				ASSETCATALOG_COMPILER_APPICON_NAME = AppIcon;
				ASSETCATALOG_COMPILER_GLOBAL_ACCENT_COLOR_NAME = AccentColor;
				CODE_SIGN_STYLE = Automatic;
				CURRENT_PROJECT_VERSION = 1;
				DEVELOPMENT_ASSET_PATHS = "\"PazzleGame/Preview Content\"";
				ENABLE_PREVIEWS = YES;
				GENERATE_INFOPLIST_FILE = YES;
				INFOPLIST_FILE = PazzleGame/Info.plist;
				INFOPLIST_KEY_UIApplicationSceneManifest_Generation = YES;
				INFOPLIST_KEY_UIApplicationSupportsIndirectInputEvents = YES;
				INFOPLIST_KEY_UILaunchScreen_Generation = YES;
				INFOPLIST_KEY_UISupportedInterfaceOrientations = UIInterfaceOrientationPortrait;
				INFOPLIST_KEY_UISupportedInterfaceOrientations_iPad = "UIInterfaceOrientationLandscapeLeft UIInterfaceOrientationLandscapeRight UIInterfaceOrientationPortrait UIInterfaceOrientationPortraitUpsideDown";
				IPHONEOS_DEPLOYMENT_TARGET = 16.0;
				LD_RUNPATH_SEARCH_PATHS = (
					"$(inherited)",
					"@executable_path/Frameworks",
				);
				MARKETING_VERSION = 1.0;
				PRODUCT_BUNDLE_IDENTIFIER = vyach.gudzenko.PazzleGame;
				PRODUCT_NAME = "$(TARGET_NAME)";
				SUPPORTED_PLATFORMS = "iphoneos iphonesimulator";
				SUPPORTS_MACCATALYST = NO;
				SUPPORTS_MAC_DESIGNED_FOR_IPHONE_IPAD = NO;
				SWIFT_EMIT_LOC_STRINGS = YES;
				SWIFT_VERSION = 5.0;
				TARGETED_DEVICE_FAMILY = 1;
			};
			name = Release;
		};
/* End XCBuildConfiguration section */

/* Begin XCConfigurationList section */
		3E35ACAA29AAD552006C5F80 /* Build configuration list for PBXProject "PazzleGame" */ = {
			isa = XCConfigurationList;
			buildConfigurations = (
				3E35ACBB29AAD554006C5F80 /* Debug */,
				3E35ACBC29AAD554006C5F80 /* Release */,
			);
			defaultConfigurationIsVisible = 0;
			defaultConfigurationName = Release;
		};
		3E35ACBD29AAD554006C5F80 /* Build configuration list for PBXNativeTarget "PazzleGame" */ = {
			isa = XCConfigurationList;
			buildConfigurations = (
				3E35ACBE29AAD554006C5F80 /* Debug */,
				3E35ACBF29AAD554006C5F80 /* Release */,
			);
			defaultConfigurationIsVisible = 0;
			defaultConfigurationName = Release;
		};
/* End XCConfigurationList section */
	};
	rootObject = 3E35ACA729AAD552006C5F80 /* Project object */;
}
